
Microsoft Visual Studio Solution File, Format Version 12.00
# Visual Studio 14
VisualStudioVersion = 14.0.25420.1
MinimumVisualStudioVersion = 10.0.40219.1
Project("{FAE04EC0-301F-11D3-BF4B-00C04F79EFBC}") = "NiceBank.AcceptanceTests", "NiceBank.AcceptanceTests\NiceBank.AcceptanceTests.csproj", "{A16D17FE-BE07-44EF-99DC-92DEE82D324F}"
EndProject
Project("{FAE04EC0-301F-11D3-BF4B-00C04F79EFBC}") = "NiceBank", "NiceBank\NiceBank.csproj", "{6541F0FE-EFEA-4779-8DB3-A1C48747953F}"
EndProject
Global
	GlobalSection(SolutionConfigurationPlatforms) = preSolution
		Debug|Any CPU = Debug|Any CPU
		Release|Any CPU = Release|Any CPU
	EndGlobalSection
	GlobalSection(ProjectConfigurationPlatforms) = postSolution
		{A16D17FE-BE07-44EF-99DC-92DEE82D324F}.Debug|Any CPU.ActiveCfg = Debug|Any CPU
		{A16D17FE-BE07-44EF-99DC-92DEE82D324F}.Debug|Any CPU.Build.0 = Debug|Any CPU
		{A16D17FE-BE07-44EF-99DC-92DEE82D324F}.Release|Any CPU.ActiveCfg = Release|Any CPU
		{A16D17FE-BE07-44EF-99DC-92DEE82D324F}.Release|Any CPU.Build.0 = Release|Any CPU
		{6541F0FE-EFEA-4779-8DB3-A1C48747953F}.Debug|Any CPU.ActiveCfg = Debug|Any CPU
		{6541F0FE-EFEA-4779-8DB3-A1C48747953F}.Debug|Any CPU.Build.0 = Debug|Any CPU
		{6541F0FE-EFEA-4779-8DB3-A1C48747953F}.Release|Any CPU.ActiveCfg = Release|Any CPU
		{6541F0FE-EFEA-4779-8DB3-A1C48747953F}.Release|Any CPU.Build.0 = Release|Any CPU
	EndGlobalSection
	GlobalSection(SolutionProperties) = preSolution
		HideSolutionNode = FALSE
	EndGlobalSection
EndGlobal
